// !$*UTF8*$!
{
	archiveVersion = 1;
	classes = {
	};
	objectVersion = 56;
	objects = {

/* Begin PBXBuildFile section */
		DD251EB22CEA3EEA007C3D6F /* HealtDataListView.swift in Sources */ = {isa = PBXBuildFile; fileRef = DD251EB12CEA3EEA007C3D6F /* HealtDataListView.swift */; };
		DD251EB42CEBAEA2007C3D6F /* HealtKitPermissionPrmingView.swift in Sources */ = {isa = PBXBuildFile; fileRef = DD251EB32CEBAEA2007C3D6F /* HealtKitPermissionPrmingView.swift */; };
		DD251EB72CEBB36F007C3D6F /* HealtKitManager.swift in Sources */ = {isa = PBXBuildFile; fileRef = DD251EB62CEBB36F007C3D6F /* HealtKitManager.swift */; };
		DDCEA3FF2CFB43BA005C8513 /* WeightLineChart.swift in Sources */ = {isa = PBXBuildFile; fileRef = DDCEA3FE2CFB43BA005C8513 /* WeightLineChart.swift */; };
		DDCEA4022CFB4542005C8513 /* MockData.swift in Sources */ = {isa = PBXBuildFile; fileRef = DDCEA4012CFB4542005C8513 /* MockData.swift */; };
		DDE543C12D021FAC007BA8B6 /* WeightDiffBarChart.swift in Sources */ = {isa = PBXBuildFile; fileRef = DDE543C02D021FAC007BA8B6 /* WeightDiffBarChart.swift */; };
		DE22A1D92CE787BD0045A040 /* StepTrackerApp.swift in Sources */ = {isa = PBXBuildFile; fileRef = DE22A1D82CE787BD0045A040 /* StepTrackerApp.swift */; };
		DE22A1DB2CE787BD0045A040 /* DashboardView.swift in Sources */ = {isa = PBXBuildFile; fileRef = DE22A1DA2CE787BD0045A040 /* DashboardView.swift */; };
		DE22A1DD2CE787BF0045A040 /* Assets.xcassets in Resources */ = {isa = PBXBuildFile; fileRef = DE22A1DC2CE787BF0045A040 /* Assets.xcassets */; };
		DE22A1E02CE787BF0045A040 /* Preview Assets.xcassets in Resources */ = {isa = PBXBuildFile; fileRef = DE22A1DF2CE787BF0045A040 /* Preview Assets.xcassets */; };
		DE869F2D2CF48E0400ED2C46 /* HealthMetric.swift in Sources */ = {isa = PBXBuildFile; fileRef = DE869F2C2CF48E0400ED2C46 /* HealthMetric.swift */; };
		DE869F2F2CF5D92200ED2C46 /* StepBarChart.swift in Sources */ = {isa = PBXBuildFile; fileRef = DE869F2E2CF5D92200ED2C46 /* StepBarChart.swift */; };
		DE869F352CF5E08600ED2C46 /* ChartMath.swift in Sources */ = {isa = PBXBuildFile; fileRef = DE869F342CF5E08600ED2C46 /* ChartMath.swift */; };
		DE869F372CF5E0BD00ED2C46 /* ChartDataTypes.swift in Sources */ = {isa = PBXBuildFile; fileRef = DE869F362CF5E0BD00ED2C46 /* ChartDataTypes.swift */; };
		DE869F3A2CF5E14900ED2C46 /* Date+Ext.swift in Sources */ = {isa = PBXBuildFile; fileRef = DE869F392CF5E14900ED2C46 /* Date+Ext.swift */; };
		DE869F3D2CF5E2EB00ED2C46 /* Algorithms in Frameworks */ = {isa = PBXBuildFile; productRef = DE869F3C2CF5E2EB00ED2C46 /* Algorithms */; };
		DE869F592CF9CFDB00ED2C46 /* StepPieChart.swift in Sources */ = {isa = PBXBuildFile; fileRef = DE869F582CF9CFDB00ED2C46 /* StepPieChart.swift */; };
		DEC2ACA42D1EC2E1003A876A /* ChartEmptyView.swift in Sources */ = {isa = PBXBuildFile; fileRef = DEC2ACA32D1EC2E1003A876A /* ChartEmptyView.swift */; };
/* End PBXBuildFile section */

/* Begin PBXFileReference section */
		DD251EB12CEA3EEA007C3D6F /* HealtDataListView.swift */ = {isa = PBXFileReference; lastKnownFileType = sourcecode.swift; path = HealtDataListView.swift; sourceTree = "<group>"; };
		DD251EB32CEBAEA2007C3D6F /* HealtKitPermissionPrmingView.swift */ = {isa = PBXFileReference; lastKnownFileType = sourcecode.swift; path = HealtKitPermissionPrmingView.swift; sourceTree = "<group>"; };
		DD251EB52CEBB216007C3D6F /* StepTracker.entitlements */ = {isa = PBXFileReference; lastKnownFileType = text.plist.entitlements; path = StepTracker.entitlements; sourceTree = "<group>"; };
		DD251EB62CEBB36F007C3D6F /* HealtKitManager.swift */ = {isa = PBXFileReference; lastKnownFileType = sourcecode.swift; path = HealtKitManager.swift; sourceTree = "<group>"; };
		DDCEA3FE2CFB43BA005C8513 /* WeightLineChart.swift */ = {isa = PBXFileReference; lastKnownFileType = sourcecode.swift; path = WeightLineChart.swift; sourceTree = "<group>"; };
		DDCEA4012CFB4542005C8513 /* MockData.swift */ = {isa = PBXFileReference; lastKnownFileType = sourcecode.swift; path = MockData.swift; sourceTree = "<group>"; };
		DDE543C02D021FAC007BA8B6 /* WeightDiffBarChart.swift */ = {isa = PBXFileReference; lastKnownFileType = sourcecode.swift; path = WeightDiffBarChart.swift; sourceTree = "<group>"; };
		DE22A1D52CE787BD0045A040 /* StepTracker.app */ = {isa = PBXFileReference; explicitFileType = wrapper.application; includeInIndex = 0; path = StepTracker.app; sourceTree = BUILT_PRODUCTS_DIR; };
		DE22A1D82CE787BD0045A040 /* StepTrackerApp.swift */ = {isa = PBXFileReference; lastKnownFileType = sourcecode.swift; path = StepTrackerApp.swift; sourceTree = "<group>"; };
		DE22A1DA2CE787BD0045A040 /* DashboardView.swift */ = {isa = PBXFileReference; lastKnownFileType = sourcecode.swift; path = DashboardView.swift; sourceTree = "<group>"; };
		DE22A1DC2CE787BF0045A040 /* Assets.xcassets */ = {isa = PBXFileReference; lastKnownFileType = folder.assetcatalog; path = Assets.xcassets; sourceTree = "<group>"; };
		DE22A1DF2CE787BF0045A040 /* Preview Assets.xcassets */ = {isa = PBXFileReference; lastKnownFileType = folder.assetcatalog; path = "Preview Assets.xcassets"; sourceTree = "<group>"; };
		DE869F2C2CF48E0400ED2C46 /* HealthMetric.swift */ = {isa = PBXFileReference; lastKnownFileType = sourcecode.swift; path = HealthMetric.swift; sourceTree = "<group>"; };
		DE869F2E2CF5D92200ED2C46 /* StepBarChart.swift */ = {isa = PBXFileReference; lastKnownFileType = sourcecode.swift; path = StepBarChart.swift; sourceTree = "<group>"; };
		DE869F342CF5E08600ED2C46 /* ChartMath.swift */ = {isa = PBXFileReference; lastKnownFileType = sourcecode.swift; path = ChartMath.swift; sourceTree = "<group>"; };
		DE869F362CF5E0BD00ED2C46 /* ChartDataTypes.swift */ = {isa = PBXFileReference; lastKnownFileType = sourcecode.swift; path = ChartDataTypes.swift; sourceTree = "<group>"; };
		DE869F392CF5E14900ED2C46 /* Date+Ext.swift */ = {isa = PBXFileReference; lastKnownFileType = sourcecode.swift; path = "Date+Ext.swift"; sourceTree = "<group>"; };
		DE869F582CF9CFDB00ED2C46 /* StepPieChart.swift */ = {isa = PBXFileReference; lastKnownFileType = sourcecode.swift; path = StepPieChart.swift; sourceTree = "<group>"; };
		DEC2ACA32D1EC2E1003A876A /* ChartEmptyView.swift */ = {isa = PBXFileReference; lastKnownFileType = sourcecode.swift; path = ChartEmptyView.swift; sourceTree = "<group>"; };
/* End PBXFileReference section */

/* Begin PBXFrameworksBuildPhase section */
		DE22A1D22CE787BD0045A040 /* Frameworks */ = {
			isa = PBXFrameworksBuildPhase;
			buildActionMask = 2147483647;
			files = (
				DE869F3D2CF5E2EB00ED2C46 /* Algorithms in Frameworks */,
			);
			runOnlyForDeploymentPostprocessing = 0;
		};
/* End PBXFrameworksBuildPhase section */

/* Begin PBXGroup section */
		DDCEA4002CFB451A005C8513 /* Utilities */ = {
			isa = PBXGroup;
			children = (
				DE869F382CF5E13100ED2C46 /* Extensions */,
				DDCEA4012CFB4542005C8513 /* MockData.swift */,
			);
			path = Utilities;
			sourceTree = "<group>";
		};
		DE22A1CC2CE787BD0045A040 = {
			isa = PBXGroup;
			children = (
				DE22A1D72CE787BD0045A040 /* StepTracker */,
				DE22A1D62CE787BD0045A040 /* Products */,
			);
			sourceTree = "<group>";
		};
		DE22A1D62CE787BD0045A040 /* Products */ = {
			isa = PBXGroup;
			children = (
				DE22A1D52CE787BD0045A040 /* StepTracker.app */,
			);
			name = Products;
			sourceTree = "<group>";
		};
		DE22A1D72CE787BD0045A040 /* StepTracker */ = {
			isa = PBXGroup;
			children = (
				DDCEA4002CFB451A005C8513 /* Utilities */,
				DE869F332CF5DEF300ED2C46 /* Manager */,
				DE869F322CF5DEEC00ED2C46 /* Model */,
				DE869F312CF5DED000ED2C46 /* Charts */,
				DE869F302CF5DEBD00ED2C46 /* Screens */,
				DD251EB52CEBB216007C3D6F /* StepTracker.entitlements */,
				DE22A1D82CE787BD0045A040 /* StepTrackerApp.swift */,
				DE22A1DC2CE787BF0045A040 /* Assets.xcassets */,
				DE22A1DE2CE787BF0045A040 /* Preview Content */,
			);
			path = StepTracker;
			sourceTree = "<group>";
		};
		DE22A1DE2CE787BF0045A040 /* Preview Content */ = {
			isa = PBXGroup;
			children = (
				DE22A1DF2CE787BF0045A040 /* Preview Assets.xcassets */,
			);
			path = "Preview Content";
			sourceTree = "<group>";
		};
		DE869F302CF5DEBD00ED2C46 /* Screens */ = {
			isa = PBXGroup;
			children = (
				DE22A1DA2CE787BD0045A040 /* DashboardView.swift */,
				DD251EB32CEBAEA2007C3D6F /* HealtKitPermissionPrmingView.swift */,
				DD251EB12CEA3EEA007C3D6F /* HealtDataListView.swift */,
			);
			path = Screens;
			sourceTree = "<group>";
		};
		DE869F312CF5DED000ED2C46 /* Charts */ = {
			isa = PBXGroup;
			children = (
				DE869F2E2CF5D92200ED2C46 /* StepBarChart.swift */,
				DE869F342CF5E08600ED2C46 /* ChartMath.swift */,
				DE869F362CF5E0BD00ED2C46 /* ChartDataTypes.swift */,
				DE869F582CF9CFDB00ED2C46 /* StepPieChart.swift */,
				DDCEA3FE2CFB43BA005C8513 /* WeightLineChart.swift */,
				DDE543C02D021FAC007BA8B6 /* WeightDiffBarChart.swift */,
				DEC2ACA32D1EC2E1003A876A /* ChartEmptyView.swift */,
			);
			path = Charts;
			sourceTree = "<group>";
		};
		DE869F322CF5DEEC00ED2C46 /* Model */ = {
			isa = PBXGroup;
			children = (
				DE869F2C2CF48E0400ED2C46 /* HealthMetric.swift */,
			);
			path = Model;
			sourceTree = "<group>";
		};
		DE869F332CF5DEF300ED2C46 /* Manager */ = {
			isa = PBXGroup;
			children = (
				DD251EB62CEBB36F007C3D6F /* HealtKitManager.swift */,
			);
			path = Manager;
			sourceTree = "<group>";
		};
		DE869F382CF5E13100ED2C46 /* Extensions */ = {
			isa = PBXGroup;
			children = (
				DE869F392CF5E14900ED2C46 /* Date+Ext.swift */,
			);
			path = Extensions;
			sourceTree = "<group>";
		};
/* End PBXGroup section */

/* Begin PBXNativeTarget section */
		DE22A1D42CE787BD0045A040 /* StepTracker */ = {
			isa = PBXNativeTarget;
			buildConfigurationList = DE22A1E32CE787BF0045A040 /* Build configuration list for PBXNativeTarget "StepTracker" */;
			buildPhases = (
				DE22A1D12CE787BD0045A040 /* Sources */,
				DE22A1D22CE787BD0045A040 /* Frameworks */,
				DE22A1D32CE787BD0045A040 /* Resources */,
			);
			buildRules = (
			);
			dependencies = (
			);
			name = StepTracker;
			packageProductDependencies = (
				DE869F3C2CF5E2EB00ED2C46 /* Algorithms */,
			);
			productName = StepTracker;
			productReference = DE22A1D52CE787BD0045A040 /* StepTracker.app */;
			productType = "com.apple.product-type.application";
		};
/* End PBXNativeTarget section */

/* Begin PBXProject section */
		DE22A1CD2CE787BD0045A040 /* Project object */ = {
			isa = PBXProject;
			attributes = {
				BuildIndependentTargetsInParallel = 1;
				LastSwiftUpdateCheck = 1500;
				LastUpgradeCheck = 1500;
				TargetAttributes = {
					DE22A1D42CE787BD0045A040 = {
						CreatedOnToolsVersion = 15.0;
					};
				};
			};
			buildConfigurationList = DE22A1D02CE787BD0045A040 /* Build configuration list for PBXProject "StepTracker" */;
			compatibilityVersion = "Xcode 14.0";
			developmentRegion = en;
			hasScannedForEncodings = 0;
			knownRegions = (
				en,
				Base,
			);
			mainGroup = DE22A1CC2CE787BD0045A040;
			packageReferences = (
				DE869F3B2CF5E2EB00ED2C46 /* XCRemoteSwiftPackageReference "swift-algorithms" */,
			);
			productRefGroup = DE22A1D62CE787BD0045A040 /* Products */;
			projectDirPath = "";
			projectRoot = "";
			targets = (
				DE22A1D42CE787BD0045A040 /* StepTracker */,
			);
		};
/* End PBXProject section */

/* Begin PBXResourcesBuildPhase section */
		DE22A1D32CE787BD0045A040 /* Resources */ = {
			isa = PBXResourcesBuildPhase;
			buildActionMask = 2147483647;
			files = (
				DE22A1E02CE787BF0045A040 /* Preview Assets.xcassets in Resources */,
				DE22A1DD2CE787BF0045A040 /* Assets.xcassets in Resources */,
			);
			runOnlyForDeploymentPostprocessing = 0;
		};
/* End PBXResourcesBuildPhase section */

/* Begin PBXSourcesBuildPhase section */
		DE22A1D12CE787BD0045A040 /* Sources */ = {
			isa = PBXSourcesBuildPhase;
			buildActionMask = 2147483647;
			files = (
				DD251EB42CEBAEA2007C3D6F /* HealtKitPermissionPrmingView.swift in Sources */,
				DDE543C12D021FAC007BA8B6 /* WeightDiffBarChart.swift in Sources */,
				DE22A1DB2CE787BD0045A040 /* DashboardView.swift in Sources */,
				DE869F2F2CF5D92200ED2C46 /* StepBarChart.swift in Sources */,
				DDCEA4022CFB4542005C8513 /* MockData.swift in Sources */,
				DEC2ACA42D1EC2E1003A876A /* ChartEmptyView.swift in Sources */,
				DD251EB72CEBB36F007C3D6F /* HealtKitManager.swift in Sources */,
				DE22A1D92CE787BD0045A040 /* StepTrackerApp.swift in Sources */,
				DD251EB22CEA3EEA007C3D6F /* HealtDataListView.swift in Sources */,
				DE869F352CF5E08600ED2C46 /* ChartMath.swift in Sources */,
				DE869F2D2CF48E0400ED2C46 /* HealthMetric.swift in Sources */,
				DE869F372CF5E0BD00ED2C46 /* ChartDataTypes.swift in Sources */,
				DE869F592CF9CFDB00ED2C46 /* StepPieChart.swift in Sources */,
				DDCEA3FF2CFB43BA005C8513 /* WeightLineChart.swift in Sources */,
				DE869F3A2CF5E14900ED2C46 /* Date+Ext.swift in Sources */,
			);
			runOnlyForDeploymentPostprocessing = 0;
		};
/* End PBXSourcesBuildPhase section */

/* Begin XCBuildConfiguration section */
		DE22A1E12CE787BF0045A040 /* Debug */ = {
			isa = XCBuildConfiguration;
			buildSettings = {
				ALWAYS_SEARCH_USER_PATHS = NO;
				ASSETCATALOG_COMPILER_GENERATE_SWIFT_ASSET_SYMBOL_EXTENSIONS = YES;
				CLANG_ANALYZER_NONNULL = YES;
				CLANG_ANALYZER_NUMBER_OBJECT_CONVERSION = YES_AGGRESSIVE;
				CLANG_CXX_LANGUAGE_STANDARD = "gnu++20";
				CLANG_ENABLE_MODULES = YES;
				CLANG_ENABLE_OBJC_ARC = YES;
				CLANG_ENABLE_OBJC_WEAK = YES;
				CLANG_WARN_BLOCK_CAPTURE_AUTORELEASING = YES;
				CLANG_WARN_BOOL_CONVERSION = YES;
				CLANG_WARN_COMMA = YES;
				CLANG_WARN_CONSTANT_CONVERSION = YES;
				CLANG_WARN_DEPRECATED_OBJC_IMPLEMENTATIONS = YES;
				CLANG_WARN_DIRECT_OBJC_ISA_USAGE = YES_ERROR;
				CLANG_WARN_DOCUMENTATION_COMMENTS = YES;
				CLANG_WARN_EMPTY_BODY = YES;
				CLANG_WARN_ENUM_CONVERSION = YES;
				CLANG_WARN_INFINITE_RECURSION = YES;
				CLANG_WARN_INT_CONVERSION = YES;
				CLANG_WARN_NON_LITERAL_NULL_CONVERSION = YES;
				CLANG_WARN_OBJC_IMPLICIT_RETAIN_SELF = YES;
				CLANG_WARN_OBJC_LITERAL_CONVERSION = YES;
				CLANG_WARN_OBJC_ROOT_CLASS = YES_ERROR;
				CLANG_WARN_QUOTED_INCLUDE_IN_FRAMEWORK_HEADER = YES;
				CLANG_WARN_RANGE_LOOP_ANALYSIS = YES;
				CLANG_WARN_STRICT_PROTOTYPES = YES;
				CLANG_WARN_SUSPICIOUS_MOVE = YES;
				CLANG_WARN_UNGUARDED_AVAILABILITY = YES_AGGRESSIVE;
				CLANG_WARN_UNREACHABLE_CODE = YES;
				CLANG_WARN__DUPLICATE_METHOD_MATCH = YES;
				COPY_PHASE_STRIP = NO;
				DEBUG_INFORMATION_FORMAT = dwarf;
				ENABLE_STRICT_OBJC_MSGSEND = YES;
				ENABLE_TESTABILITY = YES;
				ENABLE_USER_SCRIPT_SANDBOXING = YES;
				GCC_C_LANGUAGE_STANDARD = gnu17;
				GCC_DYNAMIC_NO_PIC = NO;
				GCC_NO_COMMON_BLOCKS = YES;
				GCC_OPTIMIZATION_LEVEL = 0;
				GCC_PREPROCESSOR_DEFINITIONS = (
					"DEBUG=1",
					"$(inherited)",
				);
				GCC_WARN_64_TO_32_BIT_CONVERSION = YES;
				GCC_WARN_ABOUT_RETURN_TYPE = YES_ERROR;
				GCC_WARN_UNDECLARED_SELECTOR = YES;
				GCC_WARN_UNINITIALIZED_AUTOS = YES_AGGRESSIVE;
				GCC_WARN_UNUSED_FUNCTION = YES;
				GCC_WARN_UNUSED_VARIABLE = YES;
				IPHONEOS_DEPLOYMENT_TARGET = 17.0;
				LOCALIZATION_PREFERS_STRING_CATALOGS = YES;
				MTL_ENABLE_DEBUG_INFO = INCLUDE_SOURCE;
				MTL_FAST_MATH = YES;
				ONLY_ACTIVE_ARCH = YES;
				SDKROOT = iphoneos;
				SWIFT_ACTIVE_COMPILATION_CONDITIONS = "DEBUG $(inherited)";
				SWIFT_OPTIMIZATION_LEVEL = "-Onone";
			};
			name = Debug;
		};
		DE22A1E22CE787BF0045A040 /* Release */ = {
			isa = XCBuildConfiguration;
			buildSettings = {
				ALWAYS_SEARCH_USER_PATHS = NO;
				ASSETCATALOG_COMPILER_GENERATE_SWIFT_ASSET_SYMBOL_EXTENSIONS = YES;
				CLANG_ANALYZER_NONNULL = YES;
				CLANG_ANALYZER_NUMBER_OBJECT_CONVERSION = YES_AGGRESSIVE;
				CLANG_CXX_LANGUAGE_STANDARD = "gnu++20";
				CLANG_ENABLE_MODULES = YES;
				CLANG_ENABLE_OBJC_ARC = YES;
				CLANG_ENABLE_OBJC_WEAK = YES;
				CLANG_WARN_BLOCK_CAPTURE_AUTORELEASING = YES;
				CLANG_WARN_BOOL_CONVERSION = YES;
				CLANG_WARN_COMMA = YES;
				CLANG_WARN_CONSTANT_CONVERSION = YES;
				CLANG_WARN_DEPRECATED_OBJC_IMPLEMENTATIONS = YES;
				CLANG_WARN_DIRECT_OBJC_ISA_USAGE = YES_ERROR;
				CLANG_WARN_DOCUMENTATION_COMMENTS = YES;
				CLANG_WARN_EMPTY_BODY = YES;
				CLANG_WARN_ENUM_CONVERSION = YES;
				CLANG_WARN_INFINITE_RECURSION = YES;
				CLANG_WARN_INT_CONVERSION = YES;
				CLANG_WARN_NON_LITERAL_NULL_CONVERSION = YES;
				CLANG_WARN_OBJC_IMPLICIT_RETAIN_SELF = YES;
				CLANG_WARN_OBJC_LITERAL_CONVERSION = YES;
				CLANG_WARN_OBJC_ROOT_CLASS = YES_ERROR;
				CLANG_WARN_QUOTED_INCLUDE_IN_FRAMEWORK_HEADER = YES;
				CLANG_WARN_RANGE_LOOP_ANALYSIS = YES;
				CLANG_WARN_STRICT_PROTOTYPES = YES;
				CLANG_WARN_SUSPICIOUS_MOVE = YES;
				CLANG_WARN_UNGUARDED_AVAILABILITY = YES_AGGRESSIVE;
				CLANG_WARN_UNREACHABLE_CODE = YES;
				CLANG_WARN__DUPLICATE_METHOD_MATCH = YES;
				COPY_PHASE_STRIP = NO;
				DEBUG_INFORMATION_FORMAT = "dwarf-with-dsym";
				ENABLE_NS_ASSERTIONS = NO;
				ENABLE_STRICT_OBJC_MSGSEND = YES;
				ENABLE_USER_SCRIPT_SANDBOXING = YES;
				GCC_C_LANGUAGE_STANDARD = gnu17;
				GCC_NO_COMMON_BLOCKS = YES;
				GCC_WARN_64_TO_32_BIT_CONVERSION = YES;
				GCC_WARN_ABOUT_RETURN_TYPE = YES_ERROR;
				GCC_WARN_UNDECLARED_SELECTOR = YES;
				GCC_WARN_UNINITIALIZED_AUTOS = YES_AGGRESSIVE;
				GCC_WARN_UNUSED_FUNCTION = YES;
				GCC_WARN_UNUSED_VARIABLE = YES;
				IPHONEOS_DEPLOYMENT_TARGET = 17.0;
				LOCALIZATION_PREFERS_STRING_CATALOGS = YES;
				MTL_ENABLE_DEBUG_INFO = NO;
				MTL_FAST_MATH = YES;
				SDKROOT = iphoneos;
				SWIFT_COMPILATION_MODE = wholemodule;
				VALIDATE_PRODUCT = YES;
			};
			name = Release;
		};
		DE22A1E42CE787BF0045A040 /* Debug */ = {
			isa = XCBuildConfiguration;
			buildSettings = {
				ASSETCATALOG_COMPILER_APPICON_NAME = AppIcon;
				ASSETCATALOG_COMPILER_GLOBAL_ACCENT_COLOR_NAME = AccentColor;
				CODE_SIGN_ENTITLEMENTS = StepTracker/StepTracker.entitlements;
				CODE_SIGN_STYLE = Automatic;
				CURRENT_PROJECT_VERSION = 1;
				DEVELOPMENT_ASSET_PATHS = "\"StepTracker/Preview Content\"";
				DEVELOPMENT_TEAM = JKQNUCPDQL;
				ENABLE_PREVIEWS = YES;
				GENERATE_INFOPLIST_FILE = YES;
				INFOPLIST_KEY_NSHealthShareUsageDescription = "The app show your step and weight data in an interactive chart.";
				INFOPLIST_KEY_NSHealthUpdateUsageDescription = "The app  allows you to add step adn weight data to Apple Healt";
				INFOPLIST_KEY_UIApplicationSceneManifest_Generation = YES;
				INFOPLIST_KEY_UIApplicationSupportsIndirectInputEvents = YES;
				INFOPLIST_KEY_UILaunchScreen_Generation = YES;
				INFOPLIST_KEY_UISupportedInterfaceOrientations_iPad = "UIInterfaceOrientationPortrait UIInterfaceOrientationPortraitUpsideDown UIInterfaceOrientationLandscapeLeft UIInterfaceOrientationLandscapeRight";
				INFOPLIST_KEY_UISupportedInterfaceOrientations_iPhone = "UIInterfaceOrientationPortrait UIInterfaceOrientationLandscapeLeft UIInterfaceOrientationLandscapeRight";
				LD_RUNPATH_SEARCH_PATHS = (
					"$(inherited)",
					"@executable_path/Frameworks",
				);
				MARKETING_VERSION = 1.0;
				PRODUCT_BUNDLE_IDENTIFIER = com.agorkem.StepTracker;
				PRODUCT_NAME = "$(TARGET_NAME)";
				SWIFT_EMIT_LOC_STRINGS = YES;
				SWIFT_VERSION = 5.0;
				TARGETED_DEVICE_FAMILY = "1,2";
			};
			name = Debug;
		};
		DE22A1E52CE787BF0045A040 /* Release */ = {
			isa = XCBuildConfiguration;
			buildSettings = {
				ASSETCATALOG_COMPILER_APPICON_NAME = AppIcon;
				ASSETCATALOG_COMPILER_GLOBAL_ACCENT_COLOR_NAME = AccentColor;
				CODE_SIGN_ENTITLEMENTS = StepTracker/StepTracker.entitlements;
				CODE_SIGN_STYLE = Automatic;
				CURRENT_PROJECT_VERSION = 1;
				DEVELOPMENT_ASSET_PATHS = "\"StepTracker/Preview Content\"";
				DEVELOPMENT_TEAM = JKQNUCPDQL;
				ENABLE_PREVIEWS = YES;
				GENERATE_INFOPLIST_FILE = YES;
				INFOPLIST_KEY_NSHealthShareUsageDescription = "The app show your step and weight data in an interactive chart.";
				INFOPLIST_KEY_NSHealthUpdateUsageDescription = "The app  allows you to add step adn weight data to Apple Healt";
				INFOPLIST_KEY_UIApplicationSceneManifest_Generation = YES;
				INFOPLIST_KEY_UIApplicationSupportsIndirectInputEvents = YES;
				INFOPLIST_KEY_UILaunchScreen_Generation = YES;
				INFOPLIST_KEY_UISupportedInterfaceOrientations_iPad = "UIInterfaceOrientationPortrait UIInterfaceOrientationPortraitUpsideDown UIInterfaceOrientationLandscapeLeft UIInterfaceOrientationLandscapeRight";
				INFOPLIST_KEY_UISupportedInterfaceOrientations_iPhone = "UIInterfaceOrientationPortrait UIInterfaceOrientationLandscapeLeft UIInterfaceOrientationLandscapeRight";
				LD_RUNPATH_SEARCH_PATHS = (
					"$(inherited)",
					"@executable_path/Frameworks",
				);
				MARKETING_VERSION = 1.0;
				PRODUCT_BUNDLE_IDENTIFIER = com.agorkem.StepTracker;
				PRODUCT_NAME = "$(TARGET_NAME)";
				SWIFT_EMIT_LOC_STRINGS = YES;
				SWIFT_VERSION = 5.0;
				TARGETED_DEVICE_FAMILY = "1,2";
			};
			name = Release;
		};
/* End XCBuildConfiguration section */

/* Begin XCConfigurationList section */
		DE22A1D02CE787BD0045A040 /* Build configuration list for PBXProject "StepTracker" */ = {
			isa = XCConfigurationList;
			buildConfigurations = (
				DE22A1E12CE787BF0045A040 /* Debug */,
				DE22A1E22CE787BF0045A040 /* Release */,
			);
			defaultConfigurationIsVisible = 0;
			defaultConfigurationName = Release;
		};
		DE22A1E32CE787BF0045A040 /* Build configuration list for PBXNativeTarget "StepTracker" */ = {
			isa = XCConfigurationList;
			buildConfigurations = (
				DE22A1E42CE787BF0045A040 /* Debug */,
				DE22A1E52CE787BF0045A040 /* Release */,
			);
			defaultConfigurationIsVisible = 0;
			defaultConfigurationName = Release;
		};
/* End XCConfigurationList section */

/* Begin XCRemoteSwiftPackageReference section */
		DE869F3B2CF5E2EB00ED2C46 /* XCRemoteSwiftPackageReference "swift-algorithms" */ = {
			isa = XCRemoteSwiftPackageReference;
			repositoryURL = "https://github.com/apple/swift-algorithms.git";
			requirement = {
				kind = upToNextMajorVersion;
				minimumVersion = 1.2.0;
			};
		};
/* End XCRemoteSwiftPackageReference section */

/* Begin XCSwiftPackageProductDependency section */
		DE869F3C2CF5E2EB00ED2C46 /* Algorithms */ = {
			isa = XCSwiftPackageProductDependency;
			package = DE869F3B2CF5E2EB00ED2C46 /* XCRemoteSwiftPackageReference "swift-algorithms" */;
			productName = Algorithms;
		};
/* End XCSwiftPackageProductDependency section */
	};
	rootObject = DE22A1CD2CE787BD0045A040 /* Project object */;
}
